
Microsoft Visual Studio Solution File, Format Version 12.00
# Visual Studio Version 17
VisualStudioVersion = 17.14.35806.103 d17.14
MinimumVisualStudioVersion = 10.0.40219.1
Project("{FAE04EC0-301F-11D3-BF4B-00C04F79EFBC}") = "Net&React-Odev", "Net&React-Odev\Net&React-Odev.csproj", "{A9D24A7B-9368-47E0-90F1-4EB91B5FC782}"
EndProject
Global
	GlobalSection(SolutionConfigurationPlatforms) = preSolution
		Debug|Any CPU = Debug|Any CPU
		Release|Any CPU = Release|Any CPU
	EndGlobalSection
	GlobalSection(ProjectConfigurationPlatforms) = postSolution
		{A9D24A7B-9368-47E0-90F1-4EB91B5FC782}.Debug|Any CPU.ActiveCfg = Debug|Any CPU
		{A9D24A7B-9368-47E0-90F1-4EB91B5FC782}.Debug|Any CPU.Build.0 = Debug|Any CPU
		{A9D24A7B-9368-47E0-90F1-4EB91B5FC782}.Release|Any CPU.ActiveCfg = Release|Any CPU
		{A9D24A7B-9368-47E0-90F1-4EB91B5FC782}.Release|Any CPU.Build.0 = Release|Any CPU
	EndGlobalSection
	GlobalSection(SolutionProperties) = preSolution
		HideSolutionNode = FALSE
	EndGlobalSection
	GlobalSection(ExtensibilityGlobals) = postSolution
		SolutionGuid = {08577EF9-0664-493B-971A-9280C72C289C}
	EndGlobalSection
EndGlobal
